
Microsoft Visual Studio Solution File, Format Version 12.00
# Visual Studio Version 17
VisualStudioVersion = 17.4.33110.190
MinimumVisualStudioVersion = 10.0.40219.1
Project("{FAE04EC0-301F-11D3-BF4B-00C04F79EFBC}") = "BlazorPreventLeaving.Server", "BlazorPreventLeaving\Server\BlazorPreventLeaving.Server.csproj", "{4AE991F7-CCB8-4D76-87B7-3FBB77E92A83}"
EndProject
Project("{FAE04EC0-301F-11D3-BF4B-00C04F79EFBC}") = "BlazorPreventLeaving.Client", "BlazorPreventLeaving\Client\BlazorPreventLeaving.Client.csproj", "{DCF1262C-3D5A-498D-88E7-DD1B28D20C6E}"
EndProject
Project("{FAE04EC0-301F-11D3-BF4B-00C04F79EFBC}") = "BlazorPreventLeaving.Shared", "BlazorPreventLeaving\Shared\BlazorPreventLeaving.Shared.csproj", "{1D919BCA-DD5F-4432-86BC-AF7BF294A518}"
EndProject
Global
	GlobalSection(SolutionConfigurationPlatforms) = preSolution
		Debug|Any CPU = Debug|Any CPU
		Release|Any CPU = Release|Any CPU
	EndGlobalSection
	GlobalSection(ProjectConfigurationPlatforms) = postSolution
		{4AE991F7-CCB8-4D76-87B7-3FBB77E92A83}.Debug|Any CPU.ActiveCfg = Debug|Any CPU
		{4AE991F7-CCB8-4D76-87B7-3FBB77E92A83}.Debug|Any CPU.Build.0 = Debug|Any CPU
		{4AE991F7-CCB8-4D76-87B7-3FBB77E92A83}.Release|Any CPU.ActiveCfg = Release|Any CPU
		{4AE991F7-CCB8-4D76-87B7-3FBB77E92A83}.Release|Any CPU.Build.0 = Release|Any CPU
		{DCF1262C-3D5A-498D-88E7-DD1B28D20C6E}.Debug|Any CPU.ActiveCfg = Debug|Any CPU
		{DCF1262C-3D5A-498D-88E7-DD1B28D20C6E}.Debug|Any CPU.Build.0 = Debug|Any CPU
		{DCF1262C-3D5A-498D-88E7-DD1B28D20C6E}.Release|Any CPU.ActiveCfg = Release|Any CPU
		{DCF1262C-3D5A-498D-88E7-DD1B28D20C6E}.Release|Any CPU.Build.0 = Release|Any CPU
		{1D919BCA-DD5F-4432-86BC-AF7BF294A518}.Debug|Any CPU.ActiveCfg = Debug|Any CPU
		{1D919BCA-DD5F-4432-86BC-AF7BF294A518}.Debug|Any CPU.Build.0 = Debug|Any CPU
		{1D919BCA-DD5F-4432-86BC-AF7BF294A518}.Release|Any CPU.ActiveCfg = Release|Any CPU
		{1D919BCA-DD5F-4432-86BC-AF7BF294A518}.Release|Any CPU.Build.0 = Release|Any CPU
	EndGlobalSection
	GlobalSection(SolutionProperties) = preSolution
		HideSolutionNode = FALSE
	EndGlobalSection
	GlobalSection(ExtensibilityGlobals) = postSolution
		SolutionGuid = {AFF1B9D2-4892-4711-ADD5-93B71F7028C6}
	EndGlobalSection
EndGlobal
